
Microsoft Visual Studio Solution File, Format Version 12.00
# Visual Studio Version 17
VisualStudioVersion = 17.2.32616.157
MinimumVisualStudioVersion = 10.0.40219.1
Project("{9A19103F-16F7-4668-BE54-9A1E7A4F7556}") = "Addition", "Addition\Addition.csproj", "{7809E0DE-39E3-4259-A951-C15D89E9A5FF}"
EndProject
Project("{2150E333-8FDC-42A3-9474-1A3956D46DE8}") = "Introduction To CS", "Introduction To CS", "{242CDE21-9824-4EBB-BF3F-7BC776B8AB35}"
EndProject
Project("{FAE04EC0-301F-11D3-BF4B-00C04F79EFBC}") = "Hello_World_Program", "Hello_World_Program\Hello_World_Program.csproj", "{47677ED4-ECE6-4D52-A7F7-EE0D61EC16CF}"
EndProject
Project("{FAE04EC0-301F-11D3-BF4B-00C04F79EFBC}") = "CS_Variable And Constant", "CS_Variable And Constant\CS_Variable And Constant.csproj", "{C774871A-BF36-4198-B90D-EF26301C5A46}"
EndProject
Project("{FAE04EC0-301F-11D3-BF4B-00C04F79EFBC}") = "CS_Overflowing", "CS_Overflowing\CS_Overflowing.csproj", "{F4E46A65-2976-4FD4-8AED-D63D77EA6DFD}"
EndProject
Project("{FAE04EC0-301F-11D3-BF4B-00C04F79EFBC}") = "CS_TypeCasting", "CS_TypeCasting\CS_TypeCasting.csproj", "{D498BB59-7DAA-444F-8F10-0E49C77FD99C}"
EndProject
Project("{FAE04EC0-301F-11D3-BF4B-00C04F79EFBC}") = "CS_Operators", "CS_Operators\CS_Operators.csproj", "{FA301D6E-E7D1-4E63-A41D-C227D8E5C5A5}"
EndProject
Project("{FAE04EC0-301F-11D3-BF4B-00C04F79EFBC}") = "CS_Classes", "CS_Classes\CS_Classes.csproj", "{88004411-B06B-4D54-88D9-600D5662A7ED}"
EndProject
Global
	GlobalSection(SolutionConfigurationPlatforms) = preSolution
		Debug|Any CPU = Debug|Any CPU
		Release|Any CPU = Release|Any CPU
	EndGlobalSection
	GlobalSection(ProjectConfigurationPlatforms) = postSolution
		{7809E0DE-39E3-4259-A951-C15D89E9A5FF}.Debug|Any CPU.ActiveCfg = Debug|Any CPU
		{7809E0DE-39E3-4259-A951-C15D89E9A5FF}.Debug|Any CPU.Build.0 = Debug|Any CPU
		{7809E0DE-39E3-4259-A951-C15D89E9A5FF}.Release|Any CPU.ActiveCfg = Release|Any CPU
		{7809E0DE-39E3-4259-A951-C15D89E9A5FF}.Release|Any CPU.Build.0 = Release|Any CPU
		{47677ED4-ECE6-4D52-A7F7-EE0D61EC16CF}.Debug|Any CPU.ActiveCfg = Debug|Any CPU
		{47677ED4-ECE6-4D52-A7F7-EE0D61EC16CF}.Debug|Any CPU.Build.0 = Debug|Any CPU
		{47677ED4-ECE6-4D52-A7F7-EE0D61EC16CF}.Release|Any CPU.ActiveCfg = Release|Any CPU
		{47677ED4-ECE6-4D52-A7F7-EE0D61EC16CF}.Release|Any CPU.Build.0 = Release|Any CPU
		{C774871A-BF36-4198-B90D-EF26301C5A46}.Debug|Any CPU.ActiveCfg = Debug|Any CPU
		{C774871A-BF36-4198-B90D-EF26301C5A46}.Debug|Any CPU.Build.0 = Debug|Any CPU
		{C774871A-BF36-4198-B90D-EF26301C5A46}.Release|Any CPU.ActiveCfg = Release|Any CPU
		{C774871A-BF36-4198-B90D-EF26301C5A46}.Release|Any CPU.Build.0 = Release|Any CPU
		{F4E46A65-2976-4FD4-8AED-D63D77EA6DFD}.Debug|Any CPU.ActiveCfg = Debug|Any CPU
		{F4E46A65-2976-4FD4-8AED-D63D77EA6DFD}.Debug|Any CPU.Build.0 = Debug|Any CPU
		{F4E46A65-2976-4FD4-8AED-D63D77EA6DFD}.Release|Any CPU.ActiveCfg = Release|Any CPU
		{F4E46A65-2976-4FD4-8AED-D63D77EA6DFD}.Release|Any CPU.Build.0 = Release|Any CPU
		{D498BB59-7DAA-444F-8F10-0E49C77FD99C}.Debug|Any CPU.ActiveCfg = Debug|Any CPU
		{D498BB59-7DAA-444F-8F10-0E49C77FD99C}.Debug|Any CPU.Build.0 = Debug|Any CPU
		{D498BB59-7DAA-444F-8F10-0E49C77FD99C}.Release|Any CPU.ActiveCfg = Release|Any CPU
		{D498BB59-7DAA-444F-8F10-0E49C77FD99C}.Release|Any CPU.Build.0 = Release|Any CPU
		{FA301D6E-E7D1-4E63-A41D-C227D8E5C5A5}.Debug|Any CPU.ActiveCfg = Debug|Any CPU
		{FA301D6E-E7D1-4E63-A41D-C227D8E5C5A5}.Debug|Any CPU.Build.0 = Debug|Any CPU
		{FA301D6E-E7D1-4E63-A41D-C227D8E5C5A5}.Release|Any CPU.ActiveCfg = Release|Any CPU
		{FA301D6E-E7D1-4E63-A41D-C227D8E5C5A5}.Release|Any CPU.Build.0 = Release|Any CPU
		{88004411-B06B-4D54-88D9-600D5662A7ED}.Debug|Any CPU.ActiveCfg = Debug|Any CPU
		{88004411-B06B-4D54-88D9-600D5662A7ED}.Debug|Any CPU.Build.0 = Debug|Any CPU
		{88004411-B06B-4D54-88D9-600D5662A7ED}.Release|Any CPU.ActiveCfg = Release|Any CPU
		{88004411-B06B-4D54-88D9-600D5662A7ED}.Release|Any CPU.Build.0 = Release|Any CPU
	EndGlobalSection
	GlobalSection(SolutionProperties) = preSolution
		HideSolutionNode = FALSE
	EndGlobalSection
	GlobalSection(NestedProjects) = preSolution
		{47677ED4-ECE6-4D52-A7F7-EE0D61EC16CF} = {242CDE21-9824-4EBB-BF3F-7BC776B8AB35}
	EndGlobalSection
	GlobalSection(ExtensibilityGlobals) = postSolution
		SolutionGuid = {45147D20-CB9B-4160-A22F-29D1BEDB07DB}
	EndGlobalSection
EndGlobal
