
Microsoft Visual Studio Solution File, Format Version 12.00
# Visual Studio Version 17
VisualStudioVersion = 17.2.32616.157
MinimumVisualStudioVersion = 10.0.40219.1
Project("{FAE04EC0-301F-11D3-BF4B-00C04F79EFBC}") = "Addition", "Addition\Addition.csproj", "{7809E0DE-39E3-4259-A951-C15D89E9A5FF}"
EndProject
Global
	GlobalSection(SolutionConfigurationPlatforms) = preSolution
		Debug|Any CPU = Debug|Any CPU
		Release|Any CPU = Release|Any CPU
	EndGlobalSection
	GlobalSection(ProjectConfigurationPlatforms) = postSolution
		{7809E0DE-39E3-4259-A951-C15D89E9A5FF}.Debug|Any CPU.ActiveCfg = Debug|Any CPU
		{7809E0DE-39E3-4259-A951-C15D89E9A5FF}.Debug|Any CPU.Build.0 = Debug|Any CPU
		{7809E0DE-39E3-4259-A951-C15D89E9A5FF}.Release|Any CPU.ActiveCfg = Release|Any CPU
		{7809E0DE-39E3-4259-A951-C15D89E9A5FF}.Release|Any CPU.Build.0 = Release|Any CPU
	EndGlobalSection
	GlobalSection(SolutionProperties) = preSolution
		HideSolutionNode = FALSE
	EndGlobalSection
	GlobalSection(ExtensibilityGlobals) = postSolution
		SolutionGuid = {45147D20-CB9B-4160-A22F-29D1BEDB07DB}
	EndGlobalSection
EndGlobal
