
Microsoft Visual Studio Solution File, Format Version 12.00
# Visual Studio Version 17
VisualStudioVersion = 17.2.32616.157
MinimumVisualStudioVersion = 10.0.40219.1
Project("{9A19103F-16F7-4668-BE54-9A1E7A4F7556}") = "Addition", "Addition\Addition.csproj", "{7809E0DE-39E3-4259-A951-C15D89E9A5FF}"
EndProject
Project("{2150E333-8FDC-42A3-9474-1A3956D46DE8}") = "Introduction To CS", "Introduction To CS", "{242CDE21-9824-4EBB-BF3F-7BC776B8AB35}"
EndProject
Project("{FAE04EC0-301F-11D3-BF4B-00C04F79EFBC}") = "Hello_World_Program", "Hello_World_Program\Hello_World_Program.csproj", "{47677ED4-ECE6-4D52-A7F7-EE0D61EC16CF}"
EndProject
Project("{FAE04EC0-301F-11D3-BF4B-00C04F79EFBC}") = "CS_Variable And Constant", "CS_Variable And Constant\CS_Variable And Constant.csproj", "{C774871A-BF36-4198-B90D-EF26301C5A46}"
EndProject
Project("{FAE04EC0-301F-11D3-BF4B-00C04F79EFBC}") = "CS_Overflowing", "CS_Overflowing\CS_Overflowing.csproj", "{F4E46A65-2976-4FD4-8AED-D63D77EA6DFD}"
EndProject
Project("{FAE04EC0-301F-11D3-BF4B-00C04F79EFBC}") = "CS_TypeCasting", "CS_TypeCasting\CS_TypeCasting.csproj", "{D498BB59-7DAA-444F-8F10-0E49C77FD99C}"
EndProject
Project("{FAE04EC0-301F-11D3-BF4B-00C04F79EFBC}") = "CS_Operators", "CS_Operators\CS_Operators.csproj", "{FA301D6E-E7D1-4E63-A41D-C227D8E5C5A5}"
EndProject
Project("{FAE04EC0-301F-11D3-BF4B-00C04F79EFBC}") = "CS_Classes", "CS_Classes\CS_Classes.csproj", "{88004411-B06B-4D54-88D9-600D5662A7ED}"
EndProject
Project("{FAE04EC0-301F-11D3-BF4B-00C04F79EFBC}") = "CS_Arrays", "CS_Arrays\CS_Arrays.csproj", "{15E5BBBE-D411-440E-B610-3C4AA1A6A3C4}"
EndProject
Project("{FAE04EC0-301F-11D3-BF4B-00C04F79EFBC}") = "CS_Strings", "CS_Strings\CS_Strings.csproj", "{3EEE052F-7870-493A-A191-3E4076C1E056}"
EndProject
Project("{FAE04EC0-301F-11D3-BF4B-00C04F79EFBC}") = "CS_IfElse", "CS_IfElse\CS_IfElse.csproj", "{463FBAF6-CE4C-4292-9A42-56F7B0A6C792}"
EndProject
Project("{FAE04EC0-301F-11D3-BF4B-00C04F79EFBC}") = "CS_ForLoops", "CS_ForLoops\CS_ForLoops.csproj", "{016A14BD-F6A4-496F-8C24-463AD980C22C}"
EndProject
Project("{FAE04EC0-301F-11D3-BF4B-00C04F79EFBC}") = "CS_Enums", "CS_Enums\CS_Enums.csproj", "{C1C248E3-82A6-465C-9C43-0C505C9AB024}"
EndProject
Project("{FAE04EC0-301F-11D3-BF4B-00C04F79EFBC}") = "CS_ReferenceTypeValueType", "CS_ReferenceTypeValueType\CS_ReferenceTypeValueType.csproj", "{0F35B449-88B4-416D-B6DC-5CFF30258346}"
EndProject
Project("{FAE04EC0-301F-11D3-BF4B-00C04F79EFBC}") = "CS_CoditionalStatement", "CS_CoditionalStatement\CS_CoditionalStatement.csproj", "{3590CC69-49F0-45FD-9C23-E90DA2CEF946}"
EndProject
Project("{FAE04EC0-301F-11D3-BF4B-00C04F79EFBC}") = "CS_WhileLoop", "CS_WhileLoop\CS_WhileLoop.csproj", "{80121F0F-6A31-45C4-8662-B31D3AEF08A6}"
EndProject
Project("{FAE04EC0-301F-11D3-BF4B-00C04F79EFBC}") = "CS_List", "CS_List\CS_List.csproj", "{42D29F34-F574-4D84-B4DD-C91CA5E9685B}"
EndProject
Project("{FAE04EC0-301F-11D3-BF4B-00C04F79EFBC}") = "CS_DateTime", "CS_DateTime\CS_DateTime.csproj", "{183FEA6D-4127-4D76-95D1-4B72B5F50407}"
EndProject
Project("{FAE04EC0-301F-11D3-BF4B-00C04F79EFBC}") = "CS_TimeSpan", "CS_TimeSpan\CS_TimeSpan.csproj", "{0B8586BF-FB8D-4A1C-B867-AEB27741C39D}"
EndProject
Global
	GlobalSection(SolutionConfigurationPlatforms) = preSolution
		Debug|Any CPU = Debug|Any CPU
		Release|Any CPU = Release|Any CPU
	EndGlobalSection
	GlobalSection(ProjectConfigurationPlatforms) = postSolution
		{7809E0DE-39E3-4259-A951-C15D89E9A5FF}.Debug|Any CPU.ActiveCfg = Debug|Any CPU
		{7809E0DE-39E3-4259-A951-C15D89E9A5FF}.Debug|Any CPU.Build.0 = Debug|Any CPU
		{7809E0DE-39E3-4259-A951-C15D89E9A5FF}.Release|Any CPU.ActiveCfg = Release|Any CPU
		{7809E0DE-39E3-4259-A951-C15D89E9A5FF}.Release|Any CPU.Build.0 = Release|Any CPU
		{47677ED4-ECE6-4D52-A7F7-EE0D61EC16CF}.Debug|Any CPU.ActiveCfg = Debug|Any CPU
		{47677ED4-ECE6-4D52-A7F7-EE0D61EC16CF}.Debug|Any CPU.Build.0 = Debug|Any CPU
		{47677ED4-ECE6-4D52-A7F7-EE0D61EC16CF}.Release|Any CPU.ActiveCfg = Release|Any CPU
		{47677ED4-ECE6-4D52-A7F7-EE0D61EC16CF}.Release|Any CPU.Build.0 = Release|Any CPU
		{C774871A-BF36-4198-B90D-EF26301C5A46}.Debug|Any CPU.ActiveCfg = Debug|Any CPU
		{C774871A-BF36-4198-B90D-EF26301C5A46}.Debug|Any CPU.Build.0 = Debug|Any CPU
		{C774871A-BF36-4198-B90D-EF26301C5A46}.Release|Any CPU.ActiveCfg = Release|Any CPU
		{C774871A-BF36-4198-B90D-EF26301C5A46}.Release|Any CPU.Build.0 = Release|Any CPU
		{F4E46A65-2976-4FD4-8AED-D63D77EA6DFD}.Debug|Any CPU.ActiveCfg = Debug|Any CPU
		{F4E46A65-2976-4FD4-8AED-D63D77EA6DFD}.Debug|Any CPU.Build.0 = Debug|Any CPU
		{F4E46A65-2976-4FD4-8AED-D63D77EA6DFD}.Release|Any CPU.ActiveCfg = Release|Any CPU
		{F4E46A65-2976-4FD4-8AED-D63D77EA6DFD}.Release|Any CPU.Build.0 = Release|Any CPU
		{D498BB59-7DAA-444F-8F10-0E49C77FD99C}.Debug|Any CPU.ActiveCfg = Debug|Any CPU
		{D498BB59-7DAA-444F-8F10-0E49C77FD99C}.Debug|Any CPU.Build.0 = Debug|Any CPU
		{D498BB59-7DAA-444F-8F10-0E49C77FD99C}.Release|Any CPU.ActiveCfg = Release|Any CPU
		{D498BB59-7DAA-444F-8F10-0E49C77FD99C}.Release|Any CPU.Build.0 = Release|Any CPU
		{FA301D6E-E7D1-4E63-A41D-C227D8E5C5A5}.Debug|Any CPU.ActiveCfg = Debug|Any CPU
		{FA301D6E-E7D1-4E63-A41D-C227D8E5C5A5}.Debug|Any CPU.Build.0 = Debug|Any CPU
		{FA301D6E-E7D1-4E63-A41D-C227D8E5C5A5}.Release|Any CPU.ActiveCfg = Release|Any CPU
		{FA301D6E-E7D1-4E63-A41D-C227D8E5C5A5}.Release|Any CPU.Build.0 = Release|Any CPU
		{88004411-B06B-4D54-88D9-600D5662A7ED}.Debug|Any CPU.ActiveCfg = Debug|Any CPU
		{88004411-B06B-4D54-88D9-600D5662A7ED}.Debug|Any CPU.Build.0 = Debug|Any CPU
		{88004411-B06B-4D54-88D9-600D5662A7ED}.Release|Any CPU.ActiveCfg = Release|Any CPU
		{88004411-B06B-4D54-88D9-600D5662A7ED}.Release|Any CPU.Build.0 = Release|Any CPU
		{15E5BBBE-D411-440E-B610-3C4AA1A6A3C4}.Debug|Any CPU.ActiveCfg = Debug|Any CPU
		{15E5BBBE-D411-440E-B610-3C4AA1A6A3C4}.Debug|Any CPU.Build.0 = Debug|Any CPU
		{15E5BBBE-D411-440E-B610-3C4AA1A6A3C4}.Release|Any CPU.ActiveCfg = Release|Any CPU
		{15E5BBBE-D411-440E-B610-3C4AA1A6A3C4}.Release|Any CPU.Build.0 = Release|Any CPU
		{3EEE052F-7870-493A-A191-3E4076C1E056}.Debug|Any CPU.ActiveCfg = Debug|Any CPU
		{3EEE052F-7870-493A-A191-3E4076C1E056}.Debug|Any CPU.Build.0 = Debug|Any CPU
		{3EEE052F-7870-493A-A191-3E4076C1E056}.Release|Any CPU.ActiveCfg = Release|Any CPU
		{3EEE052F-7870-493A-A191-3E4076C1E056}.Release|Any CPU.Build.0 = Release|Any CPU
		{463FBAF6-CE4C-4292-9A42-56F7B0A6C792}.Debug|Any CPU.ActiveCfg = Debug|Any CPU
		{463FBAF6-CE4C-4292-9A42-56F7B0A6C792}.Debug|Any CPU.Build.0 = Debug|Any CPU
		{463FBAF6-CE4C-4292-9A42-56F7B0A6C792}.Release|Any CPU.ActiveCfg = Release|Any CPU
		{463FBAF6-CE4C-4292-9A42-56F7B0A6C792}.Release|Any CPU.Build.0 = Release|Any CPU
		{016A14BD-F6A4-496F-8C24-463AD980C22C}.Debug|Any CPU.ActiveCfg = Debug|Any CPU
		{016A14BD-F6A4-496F-8C24-463AD980C22C}.Debug|Any CPU.Build.0 = Debug|Any CPU
		{016A14BD-F6A4-496F-8C24-463AD980C22C}.Release|Any CPU.ActiveCfg = Release|Any CPU
		{016A14BD-F6A4-496F-8C24-463AD980C22C}.Release|Any CPU.Build.0 = Release|Any CPU
		{C1C248E3-82A6-465C-9C43-0C505C9AB024}.Debug|Any CPU.ActiveCfg = Debug|Any CPU
		{C1C248E3-82A6-465C-9C43-0C505C9AB024}.Debug|Any CPU.Build.0 = Debug|Any CPU
		{C1C248E3-82A6-465C-9C43-0C505C9AB024}.Release|Any CPU.ActiveCfg = Release|Any CPU
		{C1C248E3-82A6-465C-9C43-0C505C9AB024}.Release|Any CPU.Build.0 = Release|Any CPU
		{0F35B449-88B4-416D-B6DC-5CFF30258346}.Debug|Any CPU.ActiveCfg = Debug|Any CPU
		{0F35B449-88B4-416D-B6DC-5CFF30258346}.Debug|Any CPU.Build.0 = Debug|Any CPU
		{0F35B449-88B4-416D-B6DC-5CFF30258346}.Release|Any CPU.ActiveCfg = Release|Any CPU
		{0F35B449-88B4-416D-B6DC-5CFF30258346}.Release|Any CPU.Build.0 = Release|Any CPU
		{3590CC69-49F0-45FD-9C23-E90DA2CEF946}.Debug|Any CPU.ActiveCfg = Debug|Any CPU
		{3590CC69-49F0-45FD-9C23-E90DA2CEF946}.Debug|Any CPU.Build.0 = Debug|Any CPU
		{3590CC69-49F0-45FD-9C23-E90DA2CEF946}.Release|Any CPU.ActiveCfg = Release|Any CPU
		{3590CC69-49F0-45FD-9C23-E90DA2CEF946}.Release|Any CPU.Build.0 = Release|Any CPU
		{80121F0F-6A31-45C4-8662-B31D3AEF08A6}.Debug|Any CPU.ActiveCfg = Debug|Any CPU
		{80121F0F-6A31-45C4-8662-B31D3AEF08A6}.Debug|Any CPU.Build.0 = Debug|Any CPU
		{80121F0F-6A31-45C4-8662-B31D3AEF08A6}.Release|Any CPU.ActiveCfg = Release|Any CPU
		{80121F0F-6A31-45C4-8662-B31D3AEF08A6}.Release|Any CPU.Build.0 = Release|Any CPU
		{42D29F34-F574-4D84-B4DD-C91CA5E9685B}.Debug|Any CPU.ActiveCfg = Debug|Any CPU
		{42D29F34-F574-4D84-B4DD-C91CA5E9685B}.Debug|Any CPU.Build.0 = Debug|Any CPU
		{42D29F34-F574-4D84-B4DD-C91CA5E9685B}.Release|Any CPU.ActiveCfg = Release|Any CPU
		{42D29F34-F574-4D84-B4DD-C91CA5E9685B}.Release|Any CPU.Build.0 = Release|Any CPU
		{183FEA6D-4127-4D76-95D1-4B72B5F50407}.Debug|Any CPU.ActiveCfg = Debug|Any CPU
		{183FEA6D-4127-4D76-95D1-4B72B5F50407}.Debug|Any CPU.Build.0 = Debug|Any CPU
		{183FEA6D-4127-4D76-95D1-4B72B5F50407}.Release|Any CPU.ActiveCfg = Release|Any CPU
		{183FEA6D-4127-4D76-95D1-4B72B5F50407}.Release|Any CPU.Build.0 = Release|Any CPU
		{0B8586BF-FB8D-4A1C-B867-AEB27741C39D}.Debug|Any CPU.ActiveCfg = Debug|Any CPU
		{0B8586BF-FB8D-4A1C-B867-AEB27741C39D}.Debug|Any CPU.Build.0 = Debug|Any CPU
		{0B8586BF-FB8D-4A1C-B867-AEB27741C39D}.Release|Any CPU.ActiveCfg = Release|Any CPU
		{0B8586BF-FB8D-4A1C-B867-AEB27741C39D}.Release|Any CPU.Build.0 = Release|Any CPU
	EndGlobalSection
	GlobalSection(SolutionProperties) = preSolution
		HideSolutionNode = FALSE
	EndGlobalSection
	GlobalSection(NestedProjects) = preSolution
		{47677ED4-ECE6-4D52-A7F7-EE0D61EC16CF} = {242CDE21-9824-4EBB-BF3F-7BC776B8AB35}
	EndGlobalSection
	GlobalSection(ExtensibilityGlobals) = postSolution
		SolutionGuid = {45147D20-CB9B-4160-A22F-29D1BEDB07DB}
	EndGlobalSection
EndGlobal
